// !$*UTF8*$!
{
	archiveVersion = 1;
	classes = {
	};
	objectVersion = 55;
	objects = {

/* Begin PBXBuildFile section */
		48160997281083CF00B89555 /* setUpViewController.swift in Sources */ = {isa = PBXBuildFile; fileRef = 48160996281083CF00B89555 /* setUpViewController.swift */; };
		482725F2280F390200B220E3 /* HomeViewController.swift in Sources */ = {isa = PBXBuildFile; fileRef = 482725F1280F390200B220E3 /* HomeViewController.swift */; };
		485DFEFD280FC37900C772E2 /* exercisesViewController.swift in Sources */ = {isa = PBXBuildFile; fileRef = 485DFEFC280FC37900C772E2 /* exercisesViewController.swift */; };
		4870D63D2723A9780022EA7F /* AppDelegate.swift in Sources */ = {isa = PBXBuildFile; fileRef = 4870D63C2723A9780022EA7F /* AppDelegate.swift */; };
		4870D63F2723A9780022EA7F /* SceneDelegate.swift in Sources */ = {isa = PBXBuildFile; fileRef = 4870D63E2723A9780022EA7F /* SceneDelegate.swift */; };
		4870D6442723A9780022EA7F /* Main.storyboard in Resources */ = {isa = PBXBuildFile; fileRef = 4870D6422723A9780022EA7F /* Main.storyboard */; };
		4870D6472723A9780022EA7F /* m_Yoga.xcdatamodeld in Sources */ = {isa = PBXBuildFile; fileRef = 4870D6452723A9780022EA7F /* m_Yoga.xcdatamodeld */; };
		4870D6492723A97A0022EA7F /* Assets.xcassets in Resources */ = {isa = PBXBuildFile; fileRef = 4870D6482723A97A0022EA7F /* Assets.xcassets */; };
		4870D64C2723A97A0022EA7F /* LaunchScreen.storyboard in Resources */ = {isa = PBXBuildFile; fileRef = 4870D64A2723A97A0022EA7F /* LaunchScreen.storyboard */; };
		4870D6542723AA310022EA7F /* welcomeViewController.swift in Sources */ = {isa = PBXBuildFile; fileRef = 4870D6532723AA310022EA7F /* welcomeViewController.swift */; };
		4870D6562723AEDF0022EA7F /* finalViewController.swift in Sources */ = {isa = PBXBuildFile; fileRef = 4870D6552723AEDF0022EA7F /* finalViewController.swift */; };
		4870D65827246CD60022EA7F /* AdditionalInfoViewController.swift in Sources */ = {isa = PBXBuildFile; fileRef = 4870D65727246CD60022EA7F /* AdditionalInfoViewController.swift */; };
		48A15E3B27287C7A008D1CD7 /* workoutViewController.swift in Sources */ = {isa = PBXBuildFile; fileRef = 48A15E3A27287C7A008D1CD7 /* workoutViewController.swift */; };
		48B5628E275C0F650050E406 /* upcomingViewController.swift in Sources */ = {isa = PBXBuildFile; fileRef = 48B5628D275C0F650050E406 /* upcomingViewController.swift */; };
		48DE3599274F385C00F87B30 /* head presses.mp4 in Resources */ = {isa = PBXBuildFile; fileRef = 48DE3598274F385B00F87B30 /* head presses.mp4 */; };
		914FBC2FD3B6861960010176 /* Pods_m_Yoga.framework in Frameworks */ = {isa = PBXBuildFile; fileRef = 4B0D9B698E258E1C0B55475A /* Pods_m_Yoga.framework */; };
/* End PBXBuildFile section */

/* Begin PBXFileReference section */
		48160996281083CF00B89555 /* setUpViewController.swift */ = {isa = PBXFileReference; lastKnownFileType = sourcecode.swift; path = setUpViewController.swift; sourceTree = "<group>"; };
		482725F1280F390200B220E3 /* HomeViewController.swift */ = {isa = PBXFileReference; lastKnownFileType = sourcecode.swift; path = HomeViewController.swift; sourceTree = "<group>"; };
		485DFEFC280FC37900C772E2 /* exercisesViewController.swift */ = {isa = PBXFileReference; lastKnownFileType = sourcecode.swift; path = exercisesViewController.swift; sourceTree = "<group>"; };
		4870D6392723A9780022EA7F /* m-Yoga.app */ = {isa = PBXFileReference; explicitFileType = wrapper.application; includeInIndex = 0; path = "m-Yoga.app"; sourceTree = BUILT_PRODUCTS_DIR; };
		4870D63C2723A9780022EA7F /* AppDelegate.swift */ = {isa = PBXFileReference; lastKnownFileType = sourcecode.swift; path = AppDelegate.swift; sourceTree = "<group>"; };
		4870D63E2723A9780022EA7F /* SceneDelegate.swift */ = {isa = PBXFileReference; lastKnownFileType = sourcecode.swift; path = SceneDelegate.swift; sourceTree = "<group>"; };
		4870D6432723A9780022EA7F /* Base */ = {isa = PBXFileReference; lastKnownFileType = file.storyboard; name = Base; path = Base.lproj/Main.storyboard; sourceTree = "<group>"; };
		4870D6462723A9780022EA7F /* m_Yoga.xcdatamodel */ = {isa = PBXFileReference; lastKnownFileType = wrapper.xcdatamodel; path = m_Yoga.xcdatamodel; sourceTree = "<group>"; };
		4870D6482723A97A0022EA7F /* Assets.xcassets */ = {isa = PBXFileReference; lastKnownFileType = folder.assetcatalog; path = Assets.xcassets; sourceTree = "<group>"; };
		4870D64B2723A97A0022EA7F /* Base */ = {isa = PBXFileReference; lastKnownFileType = file.storyboard; name = Base; path = Base.lproj/LaunchScreen.storyboard; sourceTree = "<group>"; };
		4870D64D2723A97A0022EA7F /* Info.plist */ = {isa = PBXFileReference; lastKnownFileType = text.plist.xml; path = Info.plist; sourceTree = "<group>"; };
		4870D6532723AA310022EA7F /* welcomeViewController.swift */ = {isa = PBXFileReference; lastKnownFileType = sourcecode.swift; path = welcomeViewController.swift; sourceTree = "<group>"; };
		4870D6552723AEDF0022EA7F /* finalViewController.swift */ = {isa = PBXFileReference; lastKnownFileType = sourcecode.swift; path = finalViewController.swift; sourceTree = "<group>"; };
		4870D65727246CD60022EA7F /* AdditionalInfoViewController.swift */ = {isa = PBXFileReference; lastKnownFileType = sourcecode.swift; path = AdditionalInfoViewController.swift; sourceTree = "<group>"; };
		48A15E3A27287C7A008D1CD7 /* workoutViewController.swift */ = {isa = PBXFileReference; lastKnownFileType = sourcecode.swift; path = workoutViewController.swift; sourceTree = "<group>"; };
		48B5628D275C0F650050E406 /* upcomingViewController.swift */ = {isa = PBXFileReference; lastKnownFileType = sourcecode.swift; path = upcomingViewController.swift; sourceTree = "<group>"; };
		48DE3598274F385B00F87B30 /* head presses.mp4 */ = {isa = PBXFileReference; lastKnownFileType = file; path = "head presses.mp4"; sourceTree = "<group>"; };
		4B0D9B698E258E1C0B55475A /* Pods_m_Yoga.framework */ = {isa = PBXFileReference; explicitFileType = wrapper.framework; includeInIndex = 0; path = Pods_m_Yoga.framework; sourceTree = BUILT_PRODUCTS_DIR; };
		9BC2738763EF188BF75374F1 /* Pods-m-Yoga.debug.xcconfig */ = {isa = PBXFileReference; includeInIndex = 1; lastKnownFileType = text.xcconfig; name = "Pods-m-Yoga.debug.xcconfig"; path = "Target Support Files/Pods-m-Yoga/Pods-m-Yoga.debug.xcconfig"; sourceTree = "<group>"; };
		AF2899F3F147BBE45636C908 /* Pods-m-Yoga.release.xcconfig */ = {isa = PBXFileReference; includeInIndex = 1; lastKnownFileType = text.xcconfig; name = "Pods-m-Yoga.release.xcconfig"; path = "Target Support Files/Pods-m-Yoga/Pods-m-Yoga.release.xcconfig"; sourceTree = "<group>"; };
/* End PBXFileReference section */

/* Begin PBXFrameworksBuildPhase section */
		4870D6362723A9780022EA7F /* Frameworks */ = {
			isa = PBXFrameworksBuildPhase;
			buildActionMask = 2147483647;
			files = (
				914FBC2FD3B6861960010176 /* Pods_m_Yoga.framework in Frameworks */,
			);
			runOnlyForDeploymentPostprocessing = 0;
		};
/* End PBXFrameworksBuildPhase section */

/* Begin PBXGroup section */
		4816099428106FA700B89555 /* Onboarding */ = {
			isa = PBXGroup;
			children = (
				4870D6532723AA310022EA7F /* welcomeViewController.swift */,
				4870D65727246CD60022EA7F /* AdditionalInfoViewController.swift */,
				4870D6552723AEDF0022EA7F /* finalViewController.swift */,
			);
			path = Onboarding;
			sourceTree = "<group>";
		};
		4816099528106FF700B89555 /* Home */ = {
			isa = PBXGroup;
			children = (
				482725F1280F390200B220E3 /* HomeViewController.swift */,
			);
			path = Home;
			sourceTree = "<group>";
		};
		485DFEFB280FC34700C772E2 /* Reg Exercises */ = {
			isa = PBXGroup;
			children = (
				48B5628D275C0F650050E406 /* upcomingViewController.swift */,
				485DFEFC280FC37900C772E2 /* exercisesViewController.swift */,
				48160996281083CF00B89555 /* setUpViewController.swift */,
			);
			path = "Reg Exercises";
			sourceTree = "<group>";
		};
		4870D6302723A9780022EA7F = {
			isa = PBXGroup;
			children = (
				4870D63B2723A9780022EA7F /* m-Yoga */,
				4870D63A2723A9780022EA7F /* Products */,
				B80D86D8F84BDE066BA572D5 /* Pods */,
				C4931B74A1854744B9AA2020 /* Frameworks */,
			);
			sourceTree = "<group>";
		};
		4870D63A2723A9780022EA7F /* Products */ = {
			isa = PBXGroup;
			children = (
				4870D6392723A9780022EA7F /* m-Yoga.app */,
			);
			name = Products;
			sourceTree = "<group>";
		};
		4870D63B2723A9780022EA7F /* m-Yoga */ = {
			isa = PBXGroup;
			children = (
				48DE3598274F385B00F87B30 /* head presses.mp4 */,
				4870D63C2723A9780022EA7F /* AppDelegate.swift */,
				4870D63E2723A9780022EA7F /* SceneDelegate.swift */,
				48A15E3D27287C88008D1CD7 /* Model */,
				48A15E3E27287C92008D1CD7 /* View */,
				48A15E3C27287C80008D1CD7 /* Controllers */,
				4870D6482723A97A0022EA7F /* Assets.xcassets */,
				4870D64A2723A97A0022EA7F /* LaunchScreen.storyboard */,
				4870D64D2723A97A0022EA7F /* Info.plist */,
			);
			path = "m-Yoga";
			sourceTree = "<group>";
		};
		48A15E3C27287C80008D1CD7 /* Controllers */ = {
			isa = PBXGroup;
			children = (
				4816099528106FF700B89555 /* Home */,
				4816099428106FA700B89555 /* Onboarding */,
				485DFEFB280FC34700C772E2 /* Reg Exercises */,
				48A15E3A27287C7A008D1CD7 /* workoutViewController.swift */,
			);
			path = Controllers;
			sourceTree = "<group>";
		};
		48A15E3D27287C88008D1CD7 /* Model */ = {
			isa = PBXGroup;
			children = (
				4870D6452723A9780022EA7F /* m_Yoga.xcdatamodeld */,
			);
			path = Model;
			sourceTree = "<group>";
		};
		48A15E3E27287C92008D1CD7 /* View */ = {
			isa = PBXGroup;
			children = (
				4870D6422723A9780022EA7F /* Main.storyboard */,
			);
			path = View;
			sourceTree = "<group>";
		};
		B80D86D8F84BDE066BA572D5 /* Pods */ = {
			isa = PBXGroup;
			children = (
				9BC2738763EF188BF75374F1 /* Pods-m-Yoga.debug.xcconfig */,
				AF2899F3F147BBE45636C908 /* Pods-m-Yoga.release.xcconfig */,
			);
			path = Pods;
			sourceTree = "<group>";
		};
		C4931B74A1854744B9AA2020 /* Frameworks */ = {
			isa = PBXGroup;
			children = (
				4B0D9B698E258E1C0B55475A /* Pods_m_Yoga.framework */,
			);
			name = Frameworks;
			sourceTree = "<group>";
		};
/* End PBXGroup section */

/* Begin PBXNativeTarget section */
		4870D6382723A9780022EA7F /* m-Yoga */ = {
			isa = PBXNativeTarget;
			buildConfigurationList = 4870D6502723A97A0022EA7F /* Build configuration list for PBXNativeTarget "m-Yoga" */;
			buildPhases = (
				CAB17F95DBAA37080FC57CA1 /* [CP] Check Pods Manifest.lock */,
				4870D6352723A9780022EA7F /* Sources */,
				4870D6362723A9780022EA7F /* Frameworks */,
				4870D6372723A9780022EA7F /* Resources */,
				379142971C324B70243CC841 /* [CP] Embed Pods Frameworks */,
			);
			buildRules = (
			);
			dependencies = (
			);
			name = "m-Yoga";
			productName = "m-Yoga";
			productReference = 4870D6392723A9780022EA7F /* m-Yoga.app */;
			productType = "com.apple.product-type.application";
		};
/* End PBXNativeTarget section */

/* Begin PBXProject section */
		4870D6312723A9780022EA7F /* Project object */ = {
			isa = PBXProject;
			attributes = {
				BuildIndependentTargetsInParallel = 1;
				LastSwiftUpdateCheck = 1300;
				LastUpgradeCheck = 1300;
				TargetAttributes = {
					4870D6382723A9780022EA7F = {
						CreatedOnToolsVersion = 13.0;
					};
				};
			};
			buildConfigurationList = 4870D6342723A9780022EA7F /* Build configuration list for PBXProject "m-Yoga" */;
			compatibilityVersion = "Xcode 13.0";
			developmentRegion = en;
			hasScannedForEncodings = 0;
			knownRegions = (
				en,
				Base,
			);
			mainGroup = 4870D6302723A9780022EA7F;
			productRefGroup = 4870D63A2723A9780022EA7F /* Products */;
			projectDirPath = "";
			projectRoot = "";
			targets = (
				4870D6382723A9780022EA7F /* m-Yoga */,
			);
		};
/* End PBXProject section */

/* Begin PBXResourcesBuildPhase section */
		4870D6372723A9780022EA7F /* Resources */ = {
			isa = PBXResourcesBuildPhase;
			buildActionMask = 2147483647;
			files = (
				4870D64C2723A97A0022EA7F /* LaunchScreen.storyboard in Resources */,
				4870D6492723A97A0022EA7F /* Assets.xcassets in Resources */,
				48DE3599274F385C00F87B30 /* head presses.mp4 in Resources */,
				4870D6442723A9780022EA7F /* Main.storyboard in Resources */,
			);
			runOnlyForDeploymentPostprocessing = 0;
		};
/* End PBXResourcesBuildPhase section */

/* Begin PBXShellScriptBuildPhase section */
		379142971C324B70243CC841 /* [CP] Embed Pods Frameworks */ = {
			isa = PBXShellScriptBuildPhase;
			buildActionMask = 2147483647;
			files = (
			);
			inputFileListPaths = (
				"${PODS_ROOT}/Target Support Files/Pods-m-Yoga/Pods-m-Yoga-frameworks-${CONFIGURATION}-input-files.xcfilelist",
			);
			name = "[CP] Embed Pods Frameworks";
			outputFileListPaths = (
				"${PODS_ROOT}/Target Support Files/Pods-m-Yoga/Pods-m-Yoga-frameworks-${CONFIGURATION}-output-files.xcfilelist",
			);
			runOnlyForDeploymentPostprocessing = 0;
			shellPath = /bin/sh;
			shellScript = "\"${PODS_ROOT}/Target Support Files/Pods-m-Yoga/Pods-m-Yoga-frameworks.sh\"\n";
			showEnvVarsInLog = 0;
		};
		CAB17F95DBAA37080FC57CA1 /* [CP] Check Pods Manifest.lock */ = {
			isa = PBXShellScriptBuildPhase;
			buildActionMask = 2147483647;
			files = (
			);
			inputFileListPaths = (
			);
			inputPaths = (
				"${PODS_PODFILE_DIR_PATH}/Podfile.lock",
				"${PODS_ROOT}/Manifest.lock",
			);
			name = "[CP] Check Pods Manifest.lock";
			outputFileListPaths = (
			);
			outputPaths = (
				"$(DERIVED_FILE_DIR)/Pods-m-Yoga-checkManifestLockResult.txt",
			);
			runOnlyForDeploymentPostprocessing = 0;
			shellPath = /bin/sh;
			shellScript = "diff \"${PODS_PODFILE_DIR_PATH}/Podfile.lock\" \"${PODS_ROOT}/Manifest.lock\" > /dev/null\nif [ $? != 0 ] ; then\n    # print error to STDERR\n    echo \"error: The sandbox is not in sync with the Podfile.lock. Run 'pod install' or update your CocoaPods installation.\" >&2\n    exit 1\nfi\n# This output is used by Xcode 'outputs' to avoid re-running this script phase.\necho \"SUCCESS\" > \"${SCRIPT_OUTPUT_FILE_0}\"\n";
			showEnvVarsInLog = 0;
		};
/* End PBXShellScriptBuildPhase section */

/* Begin PBXSourcesBuildPhase section */
		4870D6352723A9780022EA7F /* Sources */ = {
			isa = PBXSourcesBuildPhase;
			buildActionMask = 2147483647;
			files = (
				48160997281083CF00B89555 /* setUpViewController.swift in Sources */,
				4870D63D2723A9780022EA7F /* AppDelegate.swift in Sources */,
				4870D63F2723A9780022EA7F /* SceneDelegate.swift in Sources */,
				4870D6562723AEDF0022EA7F /* finalViewController.swift in Sources */,
				4870D65827246CD60022EA7F /* AdditionalInfoViewController.swift in Sources */,
				48B5628E275C0F650050E406 /* upcomingViewController.swift in Sources */,
				482725F2280F390200B220E3 /* HomeViewController.swift in Sources */,
				4870D6542723AA310022EA7F /* welcomeViewController.swift in Sources */,
				485DFEFD280FC37900C772E2 /* exercisesViewController.swift in Sources */,
				4870D6472723A9780022EA7F /* m_Yoga.xcdatamodeld in Sources */,
				48A15E3B27287C7A008D1CD7 /* workoutViewController.swift in Sources */,
			);
			runOnlyForDeploymentPostprocessing = 0;
		};
/* End PBXSourcesBuildPhase section */

/* Begin PBXVariantGroup section */
		4870D6422723A9780022EA7F /* Main.storyboard */ = {
			isa = PBXVariantGroup;
			children = (
				4870D6432723A9780022EA7F /* Base */,
			);
			name = Main.storyboard;
			sourceTree = "<group>";
		};
		4870D64A2723A97A0022EA7F /* LaunchScreen.storyboard */ = {
			isa = PBXVariantGroup;
			children = (
				4870D64B2723A97A0022EA7F /* Base */,
			);
			name = LaunchScreen.storyboard;
			sourceTree = "<group>";
		};
/* End PBXVariantGroup section */

/* Begin XCBuildConfiguration section */
		4870D64E2723A97A0022EA7F /* Debug */ = {
			isa = XCBuildConfiguration;
			buildSettings = {
				ALWAYS_SEARCH_USER_PATHS = NO;
				CLANG_ANALYZER_NONNULL = YES;
				CLANG_ANALYZER_NUMBER_OBJECT_CONVERSION = YES_AGGRESSIVE;
				CLANG_CXX_LANGUAGE_STANDARD = "gnu++17";
				CLANG_CXX_LIBRARY = "libc++";
				CLANG_ENABLE_MODULES = YES;
				CLANG_ENABLE_OBJC_ARC = YES;
				CLANG_ENABLE_OBJC_WEAK = YES;
				CLANG_WARN_BLOCK_CAPTURE_AUTORELEASING = YES;
				CLANG_WARN_BOOL_CONVERSION = YES;
				CLANG_WARN_COMMA = YES;
				CLANG_WARN_CONSTANT_CONVERSION = YES;
				CLANG_WARN_DEPRECATED_OBJC_IMPLEMENTATIONS = YES;
				CLANG_WARN_DIRECT_OBJC_ISA_USAGE = YES_ERROR;
				CLANG_WARN_DOCUMENTATION_COMMENTS = YES;
				CLANG_WARN_EMPTY_BODY = YES;
				CLANG_WARN_ENUM_CONVERSION = YES;
				CLANG_WARN_INFINITE_RECURSION = YES;
				CLANG_WARN_INT_CONVERSION = YES;
				CLANG_WARN_NON_LITERAL_NULL_CONVERSION = YES;
				CLANG_WARN_OBJC_IMPLICIT_RETAIN_SELF = YES;
				CLANG_WARN_OBJC_LITERAL_CONVERSION = YES;
				CLANG_WARN_OBJC_ROOT_CLASS = YES_ERROR;
				CLANG_WARN_QUOTED_INCLUDE_IN_FRAMEWORK_HEADER = YES;
				CLANG_WARN_RANGE_LOOP_ANALYSIS = YES;
				CLANG_WARN_STRICT_PROTOTYPES = YES;
				CLANG_WARN_SUSPICIOUS_MOVE = YES;
				CLANG_WARN_UNGUARDED_AVAILABILITY = YES_AGGRESSIVE;
				CLANG_WARN_UNREACHABLE_CODE = YES;
				CLANG_WARN__DUPLICATE_METHOD_MATCH = YES;
				COPY_PHASE_STRIP = NO;
				DEBUG_INFORMATION_FORMAT = dwarf;
				ENABLE_STRICT_OBJC_MSGSEND = YES;
				ENABLE_TESTABILITY = YES;
				GCC_C_LANGUAGE_STANDARD = gnu11;
				GCC_DYNAMIC_NO_PIC = NO;
				GCC_NO_COMMON_BLOCKS = YES;
				GCC_OPTIMIZATION_LEVEL = 0;
				GCC_PREPROCESSOR_DEFINITIONS = (
					"DEBUG=1",
					"$(inherited)",
				);
				GCC_WARN_64_TO_32_BIT_CONVERSION = YES;
				GCC_WARN_ABOUT_RETURN_TYPE = YES_ERROR;
				GCC_WARN_UNDECLARED_SELECTOR = YES;
				GCC_WARN_UNINITIALIZED_AUTOS = YES_AGGRESSIVE;
				GCC_WARN_UNUSED_FUNCTION = YES;
				GCC_WARN_UNUSED_VARIABLE = YES;
				IPHONEOS_DEPLOYMENT_TARGET = 15.0;
				MTL_ENABLE_DEBUG_INFO = INCLUDE_SOURCE;
				MTL_FAST_MATH = YES;
				ONLY_ACTIVE_ARCH = YES;
				SDKROOT = iphoneos;
				SWIFT_ACTIVE_COMPILATION_CONDITIONS = DEBUG;
				SWIFT_OPTIMIZATION_LEVEL = "-Onone";
			};
			name = Debug;
		};
		4870D64F2723A97A0022EA7F /* Release */ = {
			isa = XCBuildConfiguration;
			buildSettings = {
				ALWAYS_SEARCH_USER_PATHS = NO;
				CLANG_ANALYZER_NONNULL = YES;
				CLANG_ANALYZER_NUMBER_OBJECT_CONVERSION = YES_AGGRESSIVE;
				CLANG_CXX_LANGUAGE_STANDARD = "gnu++17";
				CLANG_CXX_LIBRARY = "libc++";
				CLANG_ENABLE_MODULES = YES;
				CLANG_ENABLE_OBJC_ARC = YES;
				CLANG_ENABLE_OBJC_WEAK = YES;
				CLANG_WARN_BLOCK_CAPTURE_AUTORELEASING = YES;
				CLANG_WARN_BOOL_CONVERSION = YES;
				CLANG_WARN_COMMA = YES;
				CLANG_WARN_CONSTANT_CONVERSION = YES;
				CLANG_WARN_DEPRECATED_OBJC_IMPLEMENTATIONS = YES;
				CLANG_WARN_DIRECT_OBJC_ISA_USAGE = YES_ERROR;
				CLANG_WARN_DOCUMENTATION_COMMENTS = YES;
				CLANG_WARN_EMPTY_BODY = YES;
				CLANG_WARN_ENUM_CONVERSION = YES;
				CLANG_WARN_INFINITE_RECURSION = YES;
				CLANG_WARN_INT_CONVERSION = YES;
				CLANG_WARN_NON_LITERAL_NULL_CONVERSION = YES;
				CLANG_WARN_OBJC_IMPLICIT_RETAIN_SELF = YES;
				CLANG_WARN_OBJC_LITERAL_CONVERSION = YES;
				CLANG_WARN_OBJC_ROOT_CLASS = YES_ERROR;
				CLANG_WARN_QUOTED_INCLUDE_IN_FRAMEWORK_HEADER = YES;
				CLANG_WARN_RANGE_LOOP_ANALYSIS = YES;
				CLANG_WARN_STRICT_PROTOTYPES = YES;
				CLANG_WARN_SUSPICIOUS_MOVE = YES;
				CLANG_WARN_UNGUARDED_AVAILABILITY = YES_AGGRESSIVE;
				CLANG_WARN_UNREACHABLE_CODE = YES;
				CLANG_WARN__DUPLICATE_METHOD_MATCH = YES;
				COPY_PHASE_STRIP = NO;
				DEBUG_INFORMATION_FORMAT = "dwarf-with-dsym";
				ENABLE_NS_ASSERTIONS = NO;
				ENABLE_STRICT_OBJC_MSGSEND = YES;
				GCC_C_LANGUAGE_STANDARD = gnu11;
				GCC_NO_COMMON_BLOCKS = YES;
				GCC_WARN_64_TO_32_BIT_CONVERSION = YES;
				GCC_WARN_ABOUT_RETURN_TYPE = YES_ERROR;
				GCC_WARN_UNDECLARED_SELECTOR = YES;
				GCC_WARN_UNINITIALIZED_AUTOS = YES_AGGRESSIVE;
				GCC_WARN_UNUSED_FUNCTION = YES;
				GCC_WARN_UNUSED_VARIABLE = YES;
				IPHONEOS_DEPLOYMENT_TARGET = 15.0;
				MTL_ENABLE_DEBUG_INFO = NO;
				MTL_FAST_MATH = YES;
				SDKROOT = iphoneos;
				SWIFT_COMPILATION_MODE = wholemodule;
				SWIFT_OPTIMIZATION_LEVEL = "-O";
				VALIDATE_PRODUCT = YES;
			};
			name = Release;
		};
		4870D6512723A97A0022EA7F /* Debug */ = {
			isa = XCBuildConfiguration;
			baseConfigurationReference = 9BC2738763EF188BF75374F1 /* Pods-m-Yoga.debug.xcconfig */;
			buildSettings = {
				ASSETCATALOG_COMPILER_GLOBAL_ACCENT_COLOR_NAME = AccentColor;
				ASSETCATALOG_COMPILER_INCLUDE_ALL_APPICON_ASSETS = NO;
				CODE_SIGN_IDENTITY = "Apple Development";
				CODE_SIGN_STYLE = Automatic;
				CURRENT_PROJECT_VERSION = 1;
				DEVELOPMENT_TEAM = 68QLQDXK9K;
				GENERATE_INFOPLIST_FILE = YES;
				INFOPLIST_FILE = "m-Yoga/Info.plist";
				INFOPLIST_KEY_CFBundleDisplayName = mYoga;
				INFOPLIST_KEY_UIApplicationSupportsIndirectInputEvents = YES;
				INFOPLIST_KEY_UILaunchStoryboardName = LaunchScreen;
				INFOPLIST_KEY_UIMainStoryboardFile = Main;
				INFOPLIST_KEY_UISupportedInterfaceOrientations = UIInterfaceOrientationPortrait;
				INFOPLIST_KEY_UISupportedInterfaceOrientations_iPad = "UIInterfaceOrientationPortrait UIInterfaceOrientationPortraitUpsideDown UIInterfaceOrientationLandscapeLeft UIInterfaceOrientationLandscapeRight";
				INFOPLIST_KEY_UISupportedInterfaceOrientations_iPhone = "UIInterfaceOrientationPortrait UIInterfaceOrientationLandscapeLeft UIInterfaceOrientationLandscapeRight";
				LD_RUNPATH_SEARCH_PATHS = (
					"$(inherited)",
					"@executable_path/Frameworks",
				);
				MARKETING_VERSION = 1.0;
				PRODUCT_BUNDLE_IDENTIFIER = "com.adityamittal.CoreDataTest.m-Yoga";
				PRODUCT_NAME = "$(TARGET_NAME)";
				PROVISIONING_PROFILE_SPECIFIER = "";
				SWIFT_EMIT_LOC_STRINGS = YES;
				SWIFT_VERSION = 5.0;
				TARGETED_DEVICE_FAMILY = 1;
			};
			name = Debug;
		};
		4870D6522723A97A0022EA7F /* Release */ = {
			isa = XCBuildConfiguration;
			baseConfigurationReference = AF2899F3F147BBE45636C908 /* Pods-m-Yoga.release.xcconfig */;
			buildSettings = {
				ASSETCATALOG_COMPILER_GLOBAL_ACCENT_COLOR_NAME = AccentColor;
				ASSETCATALOG_COMPILER_INCLUDE_ALL_APPICON_ASSETS = NO;
				CODE_SIGN_IDENTITY = "Apple Development";
				CODE_SIGN_STYLE = Automatic;
				CURRENT_PROJECT_VERSION = 1;
				DEVELOPMENT_TEAM = 68QLQDXK9K;
				GENERATE_INFOPLIST_FILE = YES;
				INFOPLIST_FILE = "m-Yoga/Info.plist";
				INFOPLIST_KEY_CFBundleDisplayName = mYoga;
				INFOPLIST_KEY_UIApplicationSupportsIndirectInputEvents = YES;
				INFOPLIST_KEY_UILaunchStoryboardName = LaunchScreen;
				INFOPLIST_KEY_UIMainStoryboardFile = Main;
				INFOPLIST_KEY_UISupportedInterfaceOrientations = UIInterfaceOrientationPortrait;
				INFOPLIST_KEY_UISupportedInterfaceOrientations_iPad = "UIInterfaceOrientationPortrait UIInterfaceOrientationPortraitUpsideDown UIInterfaceOrientationLandscapeLeft UIInterfaceOrientationLandscapeRight";
				INFOPLIST_KEY_UISupportedInterfaceOrientations_iPhone = "UIInterfaceOrientationPortrait UIInterfaceOrientationLandscapeLeft UIInterfaceOrientationLandscapeRight";
				LD_RUNPATH_SEARCH_PATHS = (
					"$(inherited)",
					"@executable_path/Frameworks",
				);
				MARKETING_VERSION = 1.0;
				PRODUCT_BUNDLE_IDENTIFIER = "com.adityamittal.CoreDataTest.m-Yoga";
				PRODUCT_NAME = "$(TARGET_NAME)";
				PROVISIONING_PROFILE_SPECIFIER = "";
				SWIFT_EMIT_LOC_STRINGS = YES;
				SWIFT_VERSION = 5.0;
				TARGETED_DEVICE_FAMILY = 1;
			};
			name = Release;
		};
/* End XCBuildConfiguration section */

/* Begin XCConfigurationList section */
		4870D6342723A9780022EA7F /* Build configuration list for PBXProject "m-Yoga" */ = {
			isa = XCConfigurationList;
			buildConfigurations = (
				4870D64E2723A97A0022EA7F /* Debug */,
				4870D64F2723A97A0022EA7F /* Release */,
			);
			defaultConfigurationIsVisible = 0;
			defaultConfigurationName = Release;
		};
		4870D6502723A97A0022EA7F /* Build configuration list for PBXNativeTarget "m-Yoga" */ = {
			isa = XCConfigurationList;
			buildConfigurations = (
				4870D6512723A97A0022EA7F /* Debug */,
				4870D6522723A97A0022EA7F /* Release */,
			);
			defaultConfigurationIsVisible = 0;
			defaultConfigurationName = Release;
		};
/* End XCConfigurationList section */

/* Begin XCVersionGroup section */
		4870D6452723A9780022EA7F /* m_Yoga.xcdatamodeld */ = {
			isa = XCVersionGroup;
			children = (
				4870D6462723A9780022EA7F /* m_Yoga.xcdatamodel */,
			);
			currentVersion = 4870D6462723A9780022EA7F /* m_Yoga.xcdatamodel */;
			path = m_Yoga.xcdatamodeld;
			sourceTree = "<group>";
			versionGroupType = wrapper.xcdatamodel;
		};
/* End XCVersionGroup section */
	};
	rootObject = 4870D6312723A9780022EA7F /* Project object */;
}
